{
  "name": "powfile",
  "version": "0.0.1",
  "lockfileVersion": 1,
  "requires": true,
  "dependencies": {
    "crc-32": {
      "version": "0.3.0",
      "resolved": "https://registry.npmjs.org/crc-32/-/crc-32-0.3.0.tgz",
      "integrity": "sha1-aj02h/W67EH36bmf4ZU6Ll0Zd14="
    },
    "parse-raw-http": {
      "version": "0.0.1",
      "resolved": "https://registry.npmjs.org/parse-raw-http/-/parse-raw-http-0.0.1.tgz",
      "integrity": "sha512-GndQvIQXviId7eHnc+fEcmtEjkj1tQ96EhNOplPwXA8L1jgOnrlx/xLmmOEew8Yj4ZoZpmoAh0IvypAaeMbILg=="
    },
    "png-chunks-encode": {
      "version": "1.0.0",
      "resolved": "https://registry.npmjs.org/png-chunks-encode/-/png-chunks-encode-1.0.0.tgz",
      "integrity": "sha1-2epeNcru7XgmWMGre6+npe2xqHg=",
      "requires": {
        "crc-32": "^0.3.0",
        "sliced": "^1.0.1"
      }
    },
    "png-chunks-extract": {
      "version": "1.0.0",
      "resolved": "https://registry.npmjs.org/png-chunks-extract/-/png-chunks-extract-1.0.0.tgz",
      "integrity": "sha1-+tSpBeZmUhlzUcZeNbksZDEeRy0=",
      "requires": {
        "crc-32": "^0.3.0"
      }
    },
    "png-pack": {
      "version": "0.0.1",
      "resolved": "https://registry.npmjs.org/png-pack/-/png-pack-0.0.1.tgz",
      "integrity": "sha512-sdqsnXlUMiK/43QjVzKybekGkOnfijIqWojALgBDmojSmsGq9ccVIxKkjEI28eqnQ9e4Ncry+NOmpl55TxsBjA==",
      "requires": {
        "png-chunks-encode": "^1.0.0",
        "png-chunks-extract": "^1.0.0"
      }
    },
    "sliced": {
      "version": "1.0.1",
      "resolved": "https://registry.npmjs.org/sliced/-/sliced-1.0.1.tgz",
      "integrity": "sha1-CzpmK10Ewxd7GSa+qCsD+Dei70E="
    }
  }
}
