{
  "name": "powfile",
  "version": "0.0.1",
  "lockfileVersion": 1,
  "requires": true,
  "dependencies": {
    "parse-raw-http": {
      "version": "0.0.1",
      "resolved": "https://registry.npmjs.org/parse-raw-http/-/parse-raw-http-0.0.1.tgz",
      "integrity": "sha512-GndQvIQXviId7eHnc+fEcmtEjkj1tQ96EhNOplPwXA8L1jgOnrlx/xLmmOEew8Yj4ZoZpmoAh0IvypAaeMbILg=="
    }
  }
}
